{
  "name": "service",
  "version": "1.0.0",
  "lockfileVersion": 1,
  "requires": true,
  "dependencies": {
    "node-seal": {
      "version": "4.3.9",
      "resolved": "https://registry.npmjs.org/node-seal/-/node-seal-4.3.9.tgz",
      "integrity": "sha512-CDJ9ud2Hs3jJPIhMjJuyAmev1U06fIRctkTChKkAEwoAfbwECh3XXPSgpdzqEPNcxPuSlb+vyQBnVjTDz/Np8Q=="
    }
  }
}
